
Microsoft Visual Studio Solution File, Format Version 12.00
# Visual Studio 2013
VisualStudioVersion = 12.0.40629.0
MinimumVisualStudioVersion = 10.0.40219.1
Project("{FAE04EC0-301F-11D3-BF4B-00C04F79EFBC}") = "BSE365", "BSE365.csproj", "{5A2AFDC7-14F0-4F02-B3A7-D8EBB556D6CE}"
EndProject
Global
	GlobalSection(SolutionConfigurationPlatforms) = preSolution
		Debug|Any CPU = Debug|Any CPU
		Release|Any CPU = Release|Any CPU
	EndGlobalSection
	GlobalSection(ProjectConfigurationPlatforms) = postSolution
		{5A2AFDC7-14F0-4F02-B3A7-D8EBB556D6CE}.Debug|Any CPU.ActiveCfg = Debug|Any CPU
		{5A2AFDC7-14F0-4F02-B3A7-D8EBB556D6CE}.Debug|Any CPU.Build.0 = Debug|Any CPU
		{5A2AFDC7-14F0-4F02-B3A7-D8EBB556D6CE}.Release|Any CPU.ActiveCfg = Release|Any CPU
		{5A2AFDC7-14F0-4F02-B3A7-D8EBB556D6CE}.Release|Any CPU.Build.0 = Release|Any CPU
	EndGlobalSection
	GlobalSection(SolutionProperties) = preSolution
		HideSolutionNode = FALSE
	EndGlobalSection
EndGlobal
